// !$*UTF8*$!
{
	archiveVersion = 1;
	classes = {
	};
	objectVersion = 46;
	objects = {

/* Begin PBXBuildFile section */
		1D3623260D0F684500981E51 /* GandhiAppAppDelegate.m in Sources */ = {isa = PBXBuildFile; fileRef = 1D3623250D0F684500981E51 /* GandhiAppAppDelegate.m */; };
		1D60589B0D05DD56006BFB54 /* main.m in Sources */ = {isa = PBXBuildFile; fileRef = 29B97316FDCFA39411CA2CEA /* main.m */; };
		1D60589F0D05DD5A006BFB54 /* Foundation.framework in Frameworks */ = {isa = PBXBuildFile; fileRef = 1D30AB110D05D00D00671497 /* Foundation.framework */; };
		1DF5F4E00D08C38300B7A737 /* UIKit.framework in Frameworks */ = {isa = PBXBuildFile; fileRef = 1DF5F4DF0D08C38300B7A737 /* UIKit.framework */; };
		271418AB149BA1910088DD9F /* AhimsaViewController.m in Sources */ = {isa = PBXBuildFile; fileRef = 271418A9149BA1910088DD9F /* AhimsaViewController.m */; };
		271418AC149BA1910088DD9F /* AhimsaViewController.xib in Resources */ = {isa = PBXBuildFile; fileRef = 271418AA149BA1910088DD9F /* AhimsaViewController.xib */; };
		271418B0149BBF1D0088DD9F /* SatyagrahaViewController.m in Sources */ = {isa = PBXBuildFile; fileRef = 271418AE149BBF1D0088DD9F /* SatyagrahaViewController.m */; };
		271418B1149BBF1D0088DD9F /* SatyagrahaViewController.xib in Resources */ = {isa = PBXBuildFile; fileRef = 271418AF149BBF1D0088DD9F /* SatyagrahaViewController.xib */; };
		271418B5149BBF730088DD9F /* SwarajViewController.m in Sources */ = {isa = PBXBuildFile; fileRef = 271418B3149BBF730088DD9F /* SwarajViewController.m */; };
		271418B6149BBF730088DD9F /* SwarajViewController.xib in Resources */ = {isa = PBXBuildFile; fileRef = 271418B4149BBF730088DD9F /* SwarajViewController.xib */; };
		271418BA149BBF9A0088DD9F /* LifeViewController.m in Sources */ = {isa = PBXBuildFile; fileRef = 271418B8149BBF9A0088DD9F /* LifeViewController.m */; };
		271418BB149BBF9A0088DD9F /* LifeViewController.xib in Resources */ = {isa = PBXBuildFile; fileRef = 271418B9149BBF9A0088DD9F /* LifeViewController.xib */; };
		271418D7149BC5B50088DD9F /* LeadersViewController.m in Sources */ = {isa = PBXBuildFile; fileRef = 271418D5149BC5B50088DD9F /* LeadersViewController.m */; };
		271418D8149BC5B50088DD9F /* LeadersViewController.xib in Resources */ = {isa = PBXBuildFile; fileRef = 271418D6149BC5B50088DD9F /* LeadersViewController.xib */; };
		271418DC149BC5D10088DD9F /* MovementsViewController.m in Sources */ = {isa = PBXBuildFile; fileRef = 271418DA149BC5D10088DD9F /* MovementsViewController.m */; };
		271418DD149BC5D10088DD9F /* MovementsViewController.xib in Resources */ = {isa = PBXBuildFile; fileRef = 271418DB149BC5D10088DD9F /* MovementsViewController.xib */; };
		271418ED149BDF750088DD9F /* FoundationsViewController.m in Sources */ = {isa = PBXBuildFile; fileRef = 271418EB149BDF740088DD9F /* FoundationsViewController.m */; };
		271418EE149BDF750088DD9F /* FoundationsViewController.xib in Resources */ = {isa = PBXBuildFile; fileRef = 271418EC149BDF750088DD9F /* FoundationsViewController.xib */; };
		271B5435149F9F2200E268FA /* PopCultureViewController.m in Sources */ = {isa = PBXBuildFile; fileRef = 271B5433149F9F2100E268FA /* PopCultureViewController.m */; };
		271B5436149F9F2200E268FA /* PopCultureViewController.xib in Resources */ = {isa = PBXBuildFile; fileRef = 271B5434149F9F2200E268FA /* PopCultureViewController.xib */; };
		271D5D8C149C023000DD7E98 /* PhilosophiesViewController.m in Sources */ = {isa = PBXBuildFile; fileRef = 271D5D8A149C023000DD7E98 /* PhilosophiesViewController.m */; };
		271D5D8D149C023000DD7E98 /* PhilosophiesViewController.xib in Resources */ = {isa = PBXBuildFile; fileRef = 271D5D8B149C023000DD7E98 /* PhilosophiesViewController.xib */; };
		27353D3E149FA21800565383 /* ahimsa.png in Resources */ = {isa = PBXBuildFile; fileRef = 27353CE3149FA21800565383 /* ahimsa.png */; };
		27353D3F149FA21800565383 /* ahimsa@2x.png in Resources */ = {isa = PBXBuildFile; fileRef = 27353CE4149FA21800565383 /* ahimsa@2x.png */; };
		27353D40149FA21800565383 /* aquino.png in Resources */ = {isa = PBXBuildFile; fileRef = 27353CE5149FA21800565383 /* aquino.png */; };
		27353D41149FA21800565383 /* aquino@2x.png in Resources */ = {isa = PBXBuildFile; fileRef = 27353CE6149FA21800565383 /* aquino@2x.png */; };
		27353D42149FA21800565383 /* arab.png in Resources */ = {isa = PBXBuildFile; fileRef = 27353CE7149FA21800565383 /* arab.png */; };
		27353D43149FA21800565383 /* arab@2x.png in Resources */ = {isa = PBXBuildFile; fileRef = 27353CE8149FA21800565383 /* arab@2x.png */; };
		27353D44149FA21800565383 /* articles.png in Resources */ = {isa = PBXBuildFile; fileRef = 27353CE9149FA21800565383 /* articles.png */; };
		27353D45149FA21800565383 /* articles@2x.png in Resources */ = {isa = PBXBuildFile; fileRef = 27353CEA149FA21800565383 /* articles@2x.png */; };
		27353D46149FA21800565383 /* biographies.png in Resources */ = {isa = PBXBuildFile; fileRef = 27353CEB149FA21800565383 /* biographies.png */; };
		27353D47149FA21800565383 /* biographies@2x.png in Resources */ = {isa = PBXBuildFile; fileRef = 27353CEC149FA21800565383 /* biographies@2x.png */; };
		27353D48149FA21800565383 /* books.png in Resources */ = {isa = PBXBuildFile; fileRef = 27353CED149FA21800565383 /* books.png */; };
		27353D49149FA21800565383 /* books@2x.png in Resources */ = {isa = PBXBuildFile; fileRef = 27353CEE149FA21800565383 /* books@2x.png */; };
		27353D4A149FA21800565383 /* civillaw.png in Resources */ = {isa = PBXBuildFile; fileRef = 27353CEF149FA21800565383 /* civillaw.png */; };
		27353D4B149FA21800565383 /* civillaw@2x.png in Resources */ = {isa = PBXBuildFile; fileRef = 27353CF0149FA21800565383 /* civillaw@2x.png */; };
		27353D4F149FA21800565383 /* democracy.png in Resources */ = {isa = PBXBuildFile; fileRef = 27353CF4149FA21800565383 /* democracy.png */; };
		27353D50149FA21800565383 /* democracy@2x.png in Resources */ = {isa = PBXBuildFile; fileRef = 27353CF5149FA21800565383 /* democracy@2x.png */; };
		27353D51149FA21800565383 /* digital.png in Resources */ = {isa = PBXBuildFile; fileRef = 27353CF6149FA21800565383 /* digital.png */; };
		27353D52149FA21800565383 /* digital@2x.png in Resources */ = {isa = PBXBuildFile; fileRef = 27353CF7149FA21800565383 /* digital@2x.png */; };
		27353D53149FA21800565383 /* documentaries.png in Resources */ = {isa = PBXBuildFile; fileRef = 27353CF8149FA21800565383 /* documentaries.png */; };
		27353D54149FA21800565383 /* documentaries@2x.png in Resources */ = {isa = PBXBuildFile; fileRef = 27353CF9149FA21800565383 /* documentaries@2x.png */; };
		27353D55149FA21800565383 /* economicfreedom.png in Resources */ = {isa = PBXBuildFile; fileRef = 27353CFA149FA21800565383 /* economicfreedom.png */; };
		27353D56149FA21800565383 /* economicfreedom@2x.png in Resources */ = {isa = PBXBuildFile; fileRef = 27353CFB149FA21800565383 /* economicfreedom@2x.png */; };
		27353D57149FA21800565383 /* foundation.png in Resources */ = {isa = PBXBuildFile; fileRef = 27353CFC149FA21800565383 /* foundation.png */; };
		27353D58149FA21800565383 /* foundation@2x.png in Resources */ = {isa = PBXBuildFile; fileRef = 27353CFD149FA21800565383 /* foundation@2x.png */; };
		27353D59149FA21800565383 /* gandhi.png in Resources */ = {isa = PBXBuildFile; fileRef = 27353CFE149FA21800565383 /* gandhi.png */; };
		27353D5A149FA21800565383 /* gandhi@2x.png in Resources */ = {isa = PBXBuildFile; fileRef = 27353CFF149FA21800565383 /* gandhi@2x.png */; };
		27353D5B149FA21800565383 /* god.png in Resources */ = {isa = PBXBuildFile; fileRef = 27353D00149FA21800565383 /* god.png */; };
		27353D5C149FA21800565383 /* god@2x.png in Resources */ = {isa = PBXBuildFile; fileRef = 27353D01149FA21800565383 /* god@2x.png */; };
		27353D5D149FA21800565383 /* Icon-doc.png in Resources */ = {isa = PBXBuildFile; fileRef = 27353D02149FA21800565383 /* Icon-doc.png */; };
		27353D5E149FA21800565383 /* Icon-doc@2x.png in Resources */ = {isa = PBXBuildFile; fileRef = 27353D03149FA21800565383 /* Icon-doc@2x.png */; };
		27353D5F149FA21800565383 /* Icon-doc~ipad.png in Resources */ = {isa = PBXBuildFile; fileRef = 27353D04149FA21800565383 /* Icon-doc~ipad.png */; };
		27353D60149FA21800565383 /* Icon-doc320~ipad.png in Resources */ = {isa = PBXBuildFile; fileRef = 27353D05149FA21800565383 /* Icon-doc320~ipad.png */; };
		27353D61149FA21800565383 /* Icon-settings.png in Resources */ = {isa = PBXBuildFile; fileRef = 27353D06149FA21800565383 /* Icon-settings.png */; };
		27353D62149FA21800565383 /* Icon-settings@2x.png in Resources */ = {isa = PBXBuildFile; fileRef = 27353D07149FA21800565383 /* Icon-settings@2x.png */; };
		27353D63149FA21800565383 /* Icon-spot~ipad.png in Resources */ = {isa = PBXBuildFile; fileRef = 27353D08149FA21800565383 /* Icon-spot~ipad.png */; };
		27353D64149FA21800565383 /* Icon.png in Resources */ = {isa = PBXBuildFile; fileRef = 27353D09149FA21800565383 /* Icon.png */; };
		27353D65149FA21800565383 /* Icon@2x.png in Resources */ = {isa = PBXBuildFile; fileRef = 27353D0A149FA21800565383 /* Icon@2x.png */; };
		27353D66149FA21800565383 /* Icon~ipad.png in Resources */ = {isa = PBXBuildFile; fileRef = 27353D0B149FA21800565383 /* Icon~ipad.png */; };
		27353D67149FA21800565383 /* indiaconstitution.png in Resources */ = {isa = PBXBuildFile; fileRef = 27353D0C149FA21800565383 /* indiaconstitution.png */; };
		27353D68149FA21800565383 /* indiaconstitution@2x.png in Resources */ = {isa = PBXBuildFile; fileRef = 27353D0D149FA21800565383 /* indiaconstitution@2x.png */; };
		27353D69149FA21800565383 /* iTunesArtwork.png in Resources */ = {isa = PBXBuildFile; fileRef = 27353D0E149FA21800565383 /* iTunesArtwork.png */; };
		27353D6A149FA21800565383 /* leadership.png in Resources */ = {isa = PBXBuildFile; fileRef = 27353D0F149FA21800565383 /* leadership.png */; };
		27353D6B149FA21800565383 /* leadership@2x.png in Resources */ = {isa = PBXBuildFile; fileRef = 27353D10149FA21800565383 /* leadership@2x.png */; };
		27353D6C149FA21800565383 /* lech.png in Resources */ = {isa = PBXBuildFile; fileRef = 27353D11149FA21800565383 /* lech.png */; };
		27353D6D149FA21800565383 /* lech@2x.png in Resources */ = {isa = PBXBuildFile; fileRef = 27353D12149FA21800565383 /* lech@2x.png */; };
		27353D6E149FA21800565383 /* life.png in Resources */ = {isa = PBXBuildFile; fileRef = 27353D13149FA21800565383 /* life.png */; };
		27353D6F149FA21800565383 /* life@2x.png in Resources */ = {isa = PBXBuildFile; fileRef = 27353D14149FA21800565383 /* life@2x.png */; };
		27353D70149FA21800565383 /* mandela.png in Resources */ = {isa = PBXBuildFile; fileRef = 27353D15149FA21800565383 /* mandela.png */; };
		27353D71149FA21800565383 /* mandela@2x.png in Resources */ = {isa = PBXBuildFile; fileRef = 27353D16149FA21800565383 /* mandela@2x.png */; };
		27353D72149FA21800565383 /* mlk.png in Resources */ = {isa = PBXBuildFile; fileRef = 27353D17149FA21800565383 /* mlk.png */; };
		27353D73149FA21800565383 /* mlk@2x.png in Resources */ = {isa = PBXBuildFile; fileRef = 27353D18149FA21800565383 /* mlk@2x.png */; };
		27353D74149FA21800565383 /* movement.png in Resources */ = {isa = PBXBuildFile; fileRef = 27353D19149FA21800565383 /* movement.png */; };
		27353D75149FA21800565383 /* movement@2x.png in Resources */ = {isa = PBXBuildFile; fileRef = 27353D1A149FA21800565383 /* movement@2x.png */; };
		27353D76149FA21800565383 /* movies.png in Resources */ = {isa = PBXBuildFile; fileRef = 27353D1B149FA21800565383 /* movies.png */; };
		27353D77149FA21800565383 /* movies@2x.png in Resources */ = {isa = PBXBuildFile; fileRef = 27353D1C149FA21800565383 /* movies@2x.png */; };
		27353D78149FA21800565383 /* multiculturalism.png in Resources */ = {isa = PBXBuildFile; fileRef = 27353D1D149FA21800565383 /* multiculturalism.png */; };
		27353D79149FA21800565383 /* multiculturalism@2x.png in Resources */ = {isa = PBXBuildFile; fileRef = 27353D1E149FA21800565383 /* multiculturalism@2x.png */; };
		27353D7A149FA21800565383 /* music.png in Resources */ = {isa = PBXBuildFile; fileRef = 27353D1F149FA21800565383 /* music.png */; };
		27353D7B149FA21800565383 /* music@2x.png in Resources */ = {isa = PBXBuildFile; fileRef = 27353D20149FA21800565383 /* music@2x.png */; };
		27353D7C149FA21800565383 /* nonviolence.png in Resources */ = {isa = PBXBuildFile; fileRef = 27353D21149FA21800565383 /* nonviolence.png */; };
		27353D7D149FA21800565383 /* nonviolence@2x.png in Resources */ = {isa = PBXBuildFile; fileRef = 27353D22149FA21800565383 /* nonviolence@2x.png */; };
		27353D7E149FA21800565383 /* occupy.png in Resources */ = {isa = PBXBuildFile; fileRef = 27353D23149FA21800565383 /* occupy.png */; };
		27353D7F149FA21800565383 /* occupy@2x.png in Resources */ = {isa = PBXBuildFile; fileRef = 27353D24149FA21800565383 /* occupy@2x.png */; };
		27353D80149FA21800565383 /* philosophies.png in Resources */ = {isa = PBXBuildFile; fileRef = 27353D25149FA21800565383 /* philosophies.png */; };
		27353D81149FA21800565383 /* philosophies@2x.png in Resources */ = {isa = PBXBuildFile; fileRef = 27353D26149FA21800565383 /* philosophies@2x.png */; };
		27353D82149FA21800565383 /* politicalfreedom.png in Resources */ = {isa = PBXBuildFile; fileRef = 27353D27149FA21800565383 /* politicalfreedom.png */; };
		27353D83149FA21800565383 /* politicalfreedom@2x.png in Resources */ = {isa = PBXBuildFile; fileRef = 27353D28149FA21800565383 /* politicalfreedom@2x.png */; };
		27353D84149FA21800565383 /* pop.png in Resources */ = {isa = PBXBuildFile; fileRef = 27353D29149FA21800565383 /* pop.png */; };
		27353D85149FA21800565383 /* pop@2x.png in Resources */ = {isa = PBXBuildFile; fileRef = 27353D2A149FA21800565383 /* pop@2x.png */; };
		27353D86149FA21800565383 /* quit.png in Resources */ = {isa = PBXBuildFile; fileRef = 27353D2B149FA21800565383 /* quit.png */; };
		27353D87149FA21800565383 /* quit@2x.png in Resources */ = {isa = PBXBuildFile; fileRef = 27353D2C149FA21800565383 /* quit@2x.png */; };
		27353D88149FA21800565383 /* religion.png in Resources */ = {isa = PBXBuildFile; fileRef = 27353D2D149FA21800565383 /* religion.png */; };
		27353D89149FA21800565383 /* religion@2x.png in Resources */ = {isa = PBXBuildFile; fileRef = 27353D2E149FA21800565383 /* religion@2x.png */; };
		27353D8A149FA21800565383 /* Satyagraha.png in Resources */ = {isa = PBXBuildFile; fileRef = 27353D2F149FA21800565383 /* Satyagraha.png */; };
		27353D8B149FA21800565383 /* satyagraha@2x.png in Resources */ = {isa = PBXBuildFile; fileRef = 27353D30149FA21800565383 /* satyagraha@2x.png */; };
		27353D8C149FA21800565383 /* secularism.png in Resources */ = {isa = PBXBuildFile; fileRef = 27353D31149FA21800565383 /* secularism.png */; };
		27353D8D149FA21800565383 /* secularism@2x.png in Resources */ = {isa = PBXBuildFile; fileRef = 27353D32149FA21800565383 /* secularism@2x.png */; };
		27353D8E149FA21800565383 /* socialfreedom.png in Resources */ = {isa = PBXBuildFile; fileRef = 27353D33149FA21800565383 /* socialfreedom.png */; };
		27353D8F149FA21800565383 /* socialfreedom@2x.png in Resources */ = {isa = PBXBuildFile; fileRef = 27353D34149FA21800565383 /* socialfreedom@2x.png */; };
		27353D90149FA21800565383 /* spirituality.png in Resources */ = {isa = PBXBuildFile; fileRef = 27353D35149FA21800565383 /* spirituality.png */; };
		27353D91149FA21800565383 /* spirituality@2x.png in Resources */ = {isa = PBXBuildFile; fileRef = 27353D36149FA21800565383 /* spirituality@2x.png */; };
		27353D92149FA21800565383 /* swaraj.png in Resources */ = {isa = PBXBuildFile; fileRef = 27353D37149FA21800565383 /* swaraj.png */; };
		27353D93149FA21800565383 /* swaraj@2x.png in Resources */ = {isa = PBXBuildFile; fileRef = 27353D38149FA21800565383 /* swaraj@2x.png */; };
		27353D94149FA21800565383 /* un.png in Resources */ = {isa = PBXBuildFile; fileRef = 27353D39149FA21800565383 /* un.png */; };
		27353D95149FA21800565383 /* un@2x.png in Resources */ = {isa = PBXBuildFile; fileRef = 27353D3A149FA21800565383 /* un@2x.png */; };
		27353D96149FA21800565383 /* velvet.png in Resources */ = {isa = PBXBuildFile; fileRef = 27353D3B149FA21800565383 /* velvet.png */; };
		27353D97149FA21800565383 /* velvet@2x.png in Resources */ = {isa = PBXBuildFile; fileRef = 27353D3C149FA21800565383 /* velvet@2x.png */; };
		27353D98149FA21800565383 /* walesa@2x.png in Resources */ = {isa = PBXBuildFile; fileRef = 27353D3D149FA21800565383 /* walesa@2x.png */; };
		27353D9C149FA66300565383 /* Default.png in Resources */ = {isa = PBXBuildFile; fileRef = 27353D99149FA66200565383 /* Default.png */; };
		27353D9D149FA66300565383 /* Default@2x.png in Resources */ = {isa = PBXBuildFile; fileRef = 27353D9A149FA66200565383 /* Default@2x.png */; };
		27353D9E149FA66300565383 /* Default~ipad.png in Resources */ = {isa = PBXBuildFile; fileRef = 27353D9B149FA66300565383 /* Default~ipad.png */; };
		2751D474148AEC1C00EC4AD0 /* SearchViewController.m in Sources */ = {isa = PBXBuildFile; fileRef = 2751D472148AEC1C00EC4AD0 /* SearchViewController.m */; };
		2751D475148AEC1C00EC4AD0 /* SearchViewController.xib in Resources */ = {isa = PBXBuildFile; fileRef = 2751D473148AEC1C00EC4AD0 /* SearchViewController.xib */; };
		2892E4100DC94CBA00A64D0F /* CoreGraphics.framework in Frameworks */ = {isa = PBXBuildFile; fileRef = 2892E40F0DC94CBA00A64D0F /* CoreGraphics.framework */; };
		28AD73600D9D9599002E5188 /* MainWindow.xib in Resources */ = {isa = PBXBuildFile; fileRef = 28AD735F0D9D9599002E5188 /* MainWindow.xib */; };
		28C286E10D94DF7D0034E888 /* RootViewController.m in Sources */ = {isa = PBXBuildFile; fileRef = 28C286E00D94DF7D0034E888 /* RootViewController.m */; };
		28F335F11007B36200424DE2 /* RootViewController.xib in Resources */ = {isa = PBXBuildFile; fileRef = 28F335F01007B36200424DE2 /* RootViewController.xib */; };
/* End PBXBuildFile section */

/* Begin PBXFileReference section */
		1D30AB110D05D00D00671497 /* Foundation.framework */ = {isa = PBXFileReference; lastKnownFileType = wrapper.framework; name = Foundation.framework; path = System/Library/Frameworks/Foundation.framework; sourceTree = SDKROOT; };
		1D3623240D0F684500981E51 /* GandhiAppAppDelegate.h */ = {isa = PBXFileReference; fileEncoding = 4; lastKnownFileType = sourcecode.c.h; path = GandhiAppAppDelegate.h; sourceTree = "<group>"; };
		1D3623250D0F684500981E51 /* GandhiAppAppDelegate.m */ = {isa = PBXFileReference; fileEncoding = 4; lastKnownFileType = sourcecode.c.objc; path = GandhiAppAppDelegate.m; sourceTree = "<group>"; };
		1D6058910D05DD3D006BFB54 /* GandhiApp™.app */ = {isa = PBXFileReference; explicitFileType = wrapper.application; includeInIndex = 0; path = "GandhiApp™.app"; sourceTree = BUILT_PRODUCTS_DIR; };
		1DF5F4DF0D08C38300B7A737 /* UIKit.framework */ = {isa = PBXFileReference; lastKnownFileType = wrapper.framework; name = UIKit.framework; path = System/Library/Frameworks/UIKit.framework; sourceTree = SDKROOT; };
		271418A8149BA1910088DD9F /* AhimsaViewController.h */ = {isa = PBXFileReference; fileEncoding = 4; lastKnownFileType = sourcecode.c.h; path = AhimsaViewController.h; sourceTree = "<group>"; };
		271418A9149BA1910088DD9F /* AhimsaViewController.m */ = {isa = PBXFileReference; fileEncoding = 4; lastKnownFileType = sourcecode.c.objc; path = AhimsaViewController.m; sourceTree = "<group>"; };
		271418AA149BA1910088DD9F /* AhimsaViewController.xib */ = {isa = PBXFileReference; fileEncoding = 4; lastKnownFileType = file.xib; name = AhimsaViewController.xib; path = Classes/AhimsaViewController.xib; sourceTree = "<group>"; };
		271418AD149BBF1D0088DD9F /* SatyagrahaViewController.h */ = {isa = PBXFileReference; fileEncoding = 4; lastKnownFileType = sourcecode.c.h; path = SatyagrahaViewController.h; sourceTree = "<group>"; };
		271418AE149BBF1D0088DD9F /* SatyagrahaViewController.m */ = {isa = PBXFileReference; fileEncoding = 4; lastKnownFileType = sourcecode.c.objc; path = SatyagrahaViewController.m; sourceTree = "<group>"; };
		271418AF149BBF1D0088DD9F /* SatyagrahaViewController.xib */ = {isa = PBXFileReference; fileEncoding = 4; lastKnownFileType = file.xib; name = SatyagrahaViewController.xib; path = Classes/SatyagrahaViewController.xib; sourceTree = "<group>"; };
		271418B2149BBF720088DD9F /* SwarajViewController.h */ = {isa = PBXFileReference; fileEncoding = 4; lastKnownFileType = sourcecode.c.h; path = SwarajViewController.h; sourceTree = "<group>"; };
		271418B3149BBF730088DD9F /* SwarajViewController.m */ = {isa = PBXFileReference; fileEncoding = 4; lastKnownFileType = sourcecode.c.objc; path = SwarajViewController.m; sourceTree = "<group>"; };
		271418B4149BBF730088DD9F /* SwarajViewController.xib */ = {isa = PBXFileReference; fileEncoding = 4; lastKnownFileType = file.xib; name = SwarajViewController.xib; path = Classes/SwarajViewController.xib; sourceTree = "<group>"; };
		271418B7149BBF9A0088DD9F /* LifeViewController.h */ = {isa = PBXFileReference; fileEncoding = 4; lastKnownFileType = sourcecode.c.h; path = LifeViewController.h; sourceTree = "<group>"; };
		271418B8149BBF9A0088DD9F /* LifeViewController.m */ = {isa = PBXFileReference; fileEncoding = 4; lastKnownFileType = sourcecode.c.objc; path = LifeViewController.m; sourceTree = "<group>"; };
		271418B9149BBF9A0088DD9F /* LifeViewController.xib */ = {isa = PBXFileReference; fileEncoding = 4; lastKnownFileType = file.xib; name = LifeViewController.xib; path = Classes/LifeViewController.xib; sourceTree = "<group>"; };
		271418D4149BC5B50088DD9F /* LeadersViewController.h */ = {isa = PBXFileReference; fileEncoding = 4; lastKnownFileType = sourcecode.c.h; path = LeadersViewController.h; sourceTree = "<group>"; };
		271418D5149BC5B50088DD9F /* LeadersViewController.m */ = {isa = PBXFileReference; fileEncoding = 4; lastKnownFileType = sourcecode.c.objc; path = LeadersViewController.m; sourceTree = "<group>"; };
		271418D6149BC5B50088DD9F /* LeadersViewController.xib */ = {isa = PBXFileReference; fileEncoding = 4; lastKnownFileType = file.xib; name = LeadersViewController.xib; path = Classes/LeadersViewController.xib; sourceTree = "<group>"; };
		271418D9149BC5D10088DD9F /* MovementsViewController.h */ = {isa = PBXFileReference; fileEncoding = 4; lastKnownFileType = sourcecode.c.h; path = MovementsViewController.h; sourceTree = "<group>"; };
		271418DA149BC5D10088DD9F /* MovementsViewController.m */ = {isa = PBXFileReference; fileEncoding = 4; lastKnownFileType = sourcecode.c.objc; path = MovementsViewController.m; sourceTree = "<group>"; };
		271418DB149BC5D10088DD9F /* MovementsViewController.xib */ = {isa = PBXFileReference; fileEncoding = 4; lastKnownFileType = file.xib; name = MovementsViewController.xib; path = Classes/MovementsViewController.xib; sourceTree = "<group>"; };
		271418EA149BDF740088DD9F /* FoundationsViewController.h */ = {isa = PBXFileReference; fileEncoding = 4; lastKnownFileType = sourcecode.c.h; path = FoundationsViewController.h; sourceTree = "<group>"; };
		271418EB149BDF740088DD9F /* FoundationsViewController.m */ = {isa = PBXFileReference; fileEncoding = 4; lastKnownFileType = sourcecode.c.objc; path = FoundationsViewController.m; sourceTree = "<group>"; };
		271418EC149BDF750088DD9F /* FoundationsViewController.xib */ = {isa = PBXFileReference; fileEncoding = 4; lastKnownFileType = file.xib; name = FoundationsViewController.xib; path = Classes/FoundationsViewController.xib; sourceTree = "<group>"; };
		271B5432149F9F2100E268FA /* PopCultureViewController.h */ = {isa = PBXFileReference; fileEncoding = 4; lastKnownFileType = sourcecode.c.h; path = PopCultureViewController.h; sourceTree = "<group>"; };
		271B5433149F9F2100E268FA /* PopCultureViewController.m */ = {isa = PBXFileReference; fileEncoding = 4; lastKnownFileType = sourcecode.c.objc; path = PopCultureViewController.m; sourceTree = "<group>"; };
		271B5434149F9F2200E268FA /* PopCultureViewController.xib */ = {isa = PBXFileReference; fileEncoding = 4; lastKnownFileType = file.xib; name = PopCultureViewController.xib; path = Classes/PopCultureViewController.xib; sourceTree = "<group>"; };
		271D5D89149C023000DD7E98 /* PhilosophiesViewController.h */ = {isa = PBXFileReference; fileEncoding = 4; lastKnownFileType = sourcecode.c.h; path = PhilosophiesViewController.h; sourceTree = "<group>"; };
		271D5D8A149C023000DD7E98 /* PhilosophiesViewController.m */ = {isa = PBXFileReference; fileEncoding = 4; lastKnownFileType = sourcecode.c.objc; path = PhilosophiesViewController.m; sourceTree = "<group>"; };
		271D5D8B149C023000DD7E98 /* PhilosophiesViewController.xib */ = {isa = PBXFileReference; fileEncoding = 4; lastKnownFileType = file.xib; name = PhilosophiesViewController.xib; path = Classes/PhilosophiesViewController.xib; sourceTree = "<group>"; };
		27353CE3149FA21800565383 /* ahimsa.png */ = {isa = PBXFileReference; lastKnownFileType = image.png; path = ahimsa.png; sourceTree = "<group>"; };
		27353CE4149FA21800565383 /* ahimsa@2x.png */ = {isa = PBXFileReference; lastKnownFileType = image.png; path = "ahimsa@2x.png"; sourceTree = "<group>"; };
		27353CE5149FA21800565383 /* aquino.png */ = {isa = PBXFileReference; lastKnownFileType = image.png; path = aquino.png; sourceTree = "<group>"; };
		27353CE6149FA21800565383 /* aquino@2x.png */ = {isa = PBXFileReference; lastKnownFileType = image.png; path = "aquino@2x.png"; sourceTree = "<group>"; };
		27353CE7149FA21800565383 /* arab.png */ = {isa = PBXFileReference; lastKnownFileType = image.png; path = arab.png; sourceTree = "<group>"; };
		27353CE8149FA21800565383 /* arab@2x.png */ = {isa = PBXFileReference; lastKnownFileType = image.png; path = "arab@2x.png"; sourceTree = "<group>"; };
		27353CE9149FA21800565383 /* articles.png */ = {isa = PBXFileReference; lastKnownFileType = image.png; path = articles.png; sourceTree = "<group>"; };
		27353CEA149FA21800565383 /* articles@2x.png */ = {isa = PBXFileReference; lastKnownFileType = image.png; path = "articles@2x.png"; sourceTree = "<group>"; };
		27353CEB149FA21800565383 /* biographies.png */ = {isa = PBXFileReference; lastKnownFileType = image.png; path = biographies.png; sourceTree = "<group>"; };
		27353CEC149FA21800565383 /* biographies@2x.png */ = {isa = PBXFileReference; lastKnownFileType = image.png; path = "biographies@2x.png"; sourceTree = "<group>"; };
		27353CED149FA21800565383 /* books.png */ = {isa = PBXFileReference; lastKnownFileType = image.png; path = books.png; sourceTree = "<group>"; };
		27353CEE149FA21800565383 /* books@2x.png */ = {isa = PBXFileReference; lastKnownFileType = image.png; path = "books@2x.png"; sourceTree = "<group>"; };
		27353CEF149FA21800565383 /* civillaw.png */ = {isa = PBXFileReference; lastKnownFileType = image.png; path = civillaw.png; sourceTree = "<group>"; };
		27353CF0149FA21800565383 /* civillaw@2x.png */ = {isa = PBXFileReference; lastKnownFileType = image.png; path = "civillaw@2x.png"; sourceTree = "<group>"; };
		27353CF4149FA21800565383 /* democracy.png */ = {isa = PBXFileReference; lastKnownFileType = image.png; path = democracy.png; sourceTree = "<group>"; };
		27353CF5149FA21800565383 /* democracy@2x.png */ = {isa = PBXFileReference; lastKnownFileType = image.png; path = "democracy@2x.png"; sourceTree = "<group>"; };
		27353CF6149FA21800565383 /* digital.png */ = {isa = PBXFileReference; lastKnownFileType = image.png; path = digital.png; sourceTree = "<group>"; };
		27353CF7149FA21800565383 /* digital@2x.png */ = {isa = PBXFileReference; lastKnownFileType = image.png; path = "digital@2x.png"; sourceTree = "<group>"; };
		27353CF8149FA21800565383 /* documentaries.png */ = {isa = PBXFileReference; lastKnownFileType = image.png; path = documentaries.png; sourceTree = "<group>"; };
		27353CF9149FA21800565383 /* documentaries@2x.png */ = {isa = PBXFileReference; lastKnownFileType = image.png; path = "documentaries@2x.png"; sourceTree = "<group>"; };
		27353CFA149FA21800565383 /* economicfreedom.png */ = {isa = PBXFileReference; lastKnownFileType = image.png; path = economicfreedom.png; sourceTree = "<group>"; };
		27353CFB149FA21800565383 /* economicfreedom@2x.png */ = {isa = PBXFileReference; lastKnownFileType = image.png; path = "economicfreedom@2x.png"; sourceTree = "<group>"; };
		27353CFC149FA21800565383 /* foundation.png */ = {isa = PBXFileReference; lastKnownFileType = image.png; path = foundation.png; sourceTree = "<group>"; };
		27353CFD149FA21800565383 /* foundation@2x.png */ = {isa = PBXFileReference; lastKnownFileType = image.png; path = "foundation@2x.png"; sourceTree = "<group>"; };
		27353CFE149FA21800565383 /* gandhi.png */ = {isa = PBXFileReference; lastKnownFileType = image.png; path = gandhi.png; sourceTree = "<group>"; };
		27353CFF149FA21800565383 /* gandhi@2x.png */ = {isa = PBXFileReference; lastKnownFileType = image.png; path = "gandhi@2x.png"; sourceTree = "<group>"; };
		27353D00149FA21800565383 /* god.png */ = {isa = PBXFileReference; lastKnownFileType = image.png; path = god.png; sourceTree = "<group>"; };
		27353D01149FA21800565383 /* god@2x.png */ = {isa = PBXFileReference; lastKnownFileType = image.png; path = "god@2x.png"; sourceTree = "<group>"; };
		27353D02149FA21800565383 /* Icon-doc.png */ = {isa = PBXFileReference; lastKnownFileType = image.png; path = "Icon-doc.png"; sourceTree = "<group>"; };
		27353D03149FA21800565383 /* Icon-doc@2x.png */ = {isa = PBXFileReference; lastKnownFileType = image.png; path = "Icon-doc@2x.png"; sourceTree = "<group>"; };
		27353D04149FA21800565383 /* Icon-doc~ipad.png */ = {isa = PBXFileReference; lastKnownFileType = image.png; path = "Icon-doc~ipad.png"; sourceTree = "<group>"; };
		27353D05149FA21800565383 /* Icon-doc320~ipad.png */ = {isa = PBXFileReference; lastKnownFileType = image.png; path = "Icon-doc320~ipad.png"; sourceTree = "<group>"; };
		27353D06149FA21800565383 /* Icon-settings.png */ = {isa = PBXFileReference; lastKnownFileType = image.png; path = "Icon-settings.png"; sourceTree = "<group>"; };
		27353D07149FA21800565383 /* Icon-settings@2x.png */ = {isa = PBXFileReference; lastKnownFileType = image.png; path = "Icon-settings@2x.png"; sourceTree = "<group>"; };
		27353D08149FA21800565383 /* Icon-spot~ipad.png */ = {isa = PBXFileReference; lastKnownFileType = image.png; path = "Icon-spot~ipad.png"; sourceTree = "<group>"; };
		27353D09149FA21800565383 /* Icon.png */ = {isa = PBXFileReference; lastKnownFileType = image.png; path = Icon.png; sourceTree = "<group>"; };
		27353D0A149FA21800565383 /* Icon@2x.png */ = {isa = PBXFileReference; lastKnownFileType = image.png; path = "Icon@2x.png"; sourceTree = "<group>"; };
		27353D0B149FA21800565383 /* Icon~ipad.png */ = {isa = PBXFileReference; lastKnownFileType = image.png; path = "Icon~ipad.png"; sourceTree = "<group>"; };
		27353D0C149FA21800565383 /* indiaconstitution.png */ = {isa = PBXFileReference; lastKnownFileType = image.png; path = indiaconstitution.png; sourceTree = "<group>"; };
		27353D0D149FA21800565383 /* indiaconstitution@2x.png */ = {isa = PBXFileReference; lastKnownFileType = image.png; path = "indiaconstitution@2x.png"; sourceTree = "<group>"; };
		27353D0E149FA21800565383 /* iTunesArtwork.png */ = {isa = PBXFileReference; lastKnownFileType = image.png; path = iTunesArtwork.png; sourceTree = "<group>"; };
		27353D0F149FA21800565383 /* leadership.png */ = {isa = PBXFileReference; lastKnownFileType = image.png; path = leadership.png; sourceTree = "<group>"; };
		27353D10149FA21800565383 /* leadership@2x.png */ = {isa = PBXFileReference; lastKnownFileType = image.png; path = "leadership@2x.png"; sourceTree = "<group>"; };
		27353D11149FA21800565383 /* lech.png */ = {isa = PBXFileReference; lastKnownFileType = image.png; path = lech.png; sourceTree = "<group>"; };
		27353D12149FA21800565383 /* lech@2x.png */ = {isa = PBXFileReference; lastKnownFileType = image.png; path = "lech@2x.png"; sourceTree = "<group>"; };
		27353D13149FA21800565383 /* life.png */ = {isa = PBXFileReference; lastKnownFileType = image.png; path = life.png; sourceTree = "<group>"; };
		27353D14149FA21800565383 /* life@2x.png */ = {isa = PBXFileReference; lastKnownFileType = image.png; path = "life@2x.png"; sourceTree = "<group>"; };
		27353D15149FA21800565383 /* mandela.png */ = {isa = PBXFileReference; lastKnownFileType = image.png; path = mandela.png; sourceTree = "<group>"; };
		27353D16149FA21800565383 /* mandela@2x.png */ = {isa = PBXFileReference; lastKnownFileType = image.png; path = "mandela@2x.png"; sourceTree = "<group>"; };
		27353D17149FA21800565383 /* mlk.png */ = {isa = PBXFileReference; lastKnownFileType = image.png; path = mlk.png; sourceTree = "<group>"; };
		27353D18149FA21800565383 /* mlk@2x.png */ = {isa = PBXFileReference; lastKnownFileType = image.png; path = "mlk@2x.png"; sourceTree = "<group>"; };
		27353D19149FA21800565383 /* movement.png */ = {isa = PBXFileReference; lastKnownFileType = image.png; path = movement.png; sourceTree = "<group>"; };
		27353D1A149FA21800565383 /* movement@2x.png */ = {isa = PBXFileReference; lastKnownFileType = image.png; path = "movement@2x.png"; sourceTree = "<group>"; };
		27353D1B149FA21800565383 /* movies.png */ = {isa = PBXFileReference; lastKnownFileType = image.png; path = movies.png; sourceTree = "<group>"; };
		27353D1C149FA21800565383 /* movies@2x.png */ = {isa = PBXFileReference; lastKnownFileType = image.png; path = "movies@2x.png"; sourceTree = "<group>"; };
		27353D1D149FA21800565383 /* multiculturalism.png */ = {isa = PBXFileReference; lastKnownFileType = image.png; path = multiculturalism.png; sourceTree = "<group>"; };
		27353D1E149FA21800565383 /* multiculturalism@2x.png */ = {isa = PBXFileReference; lastKnownFileType = image.png; path = "multiculturalism@2x.png"; sourceTree = "<group>"; };
		27353D1F149FA21800565383 /* music.png */ = {isa = PBXFileReference; lastKnownFileType = image.png; path = music.png; sourceTree = "<group>"; };
		27353D20149FA21800565383 /* music@2x.png */ = {isa = PBXFileReference; lastKnownFileType = image.png; path = "music@2x.png"; sourceTree = "<group>"; };
		27353D21149FA21800565383 /* nonviolence.png */ = {isa = PBXFileReference; lastKnownFileType = image.png; path = nonviolence.png; sourceTree = "<group>"; };
		27353D22149FA21800565383 /* nonviolence@2x.png */ = {isa = PBXFileReference; lastKnownFileType = image.png; path = "nonviolence@2x.png"; sourceTree = "<group>"; };
		27353D23149FA21800565383 /* occupy.png */ = {isa = PBXFileReference; lastKnownFileType = image.png; path = occupy.png; sourceTree = "<group>"; };
		27353D24149FA21800565383 /* occupy@2x.png */ = {isa = PBXFileReference; lastKnownFileType = image.png; path = "occupy@2x.png"; sourceTree = "<group>"; };
		27353D25149FA21800565383 /* philosophies.png */ = {isa = PBXFileReference; lastKnownFileType = image.png; path = philosophies.png; sourceTree = "<group>"; };
		27353D26149FA21800565383 /* philosophies@2x.png */ = {isa = PBXFileReference; lastKnownFileType = image.png; path = "philosophies@2x.png"; sourceTree = "<group>"; };
		27353D27149FA21800565383 /* politicalfreedom.png */ = {isa = PBXFileReference; lastKnownFileType = image.png; path = politicalfreedom.png; sourceTree = "<group>"; };
		27353D28149FA21800565383 /* politicalfreedom@2x.png */ = {isa = PBXFileReference; lastKnownFileType = image.png; path = "politicalfreedom@2x.png"; sourceTree = "<group>"; };
		27353D29149FA21800565383 /* pop.png */ = {isa = PBXFileReference; lastKnownFileType = image.png; path = pop.png; sourceTree = "<group>"; };
		27353D2A149FA21800565383 /* pop@2x.png */ = {isa = PBXFileReference; lastKnownFileType = image.png; path = "pop@2x.png"; sourceTree = "<group>"; };
		27353D2B149FA21800565383 /* quit.png */ = {isa = PBXFileReference; lastKnownFileType = image.png; path = quit.png; sourceTree = "<group>"; };
		27353D2C149FA21800565383 /* quit@2x.png */ = {isa = PBXFileReference; lastKnownFileType = image.png; path = "quit@2x.png"; sourceTree = "<group>"; };
		27353D2D149FA21800565383 /* religion.png */ = {isa = PBXFileReference; lastKnownFileType = image.png; path = religion.png; sourceTree = "<group>"; };
		27353D2E149FA21800565383 /* religion@2x.png */ = {isa = PBXFileReference; lastKnownFileType = image.png; path = "religion@2x.png"; sourceTree = "<group>"; };
		27353D2F149FA21800565383 /* Satyagraha.png */ = {isa = PBXFileReference; lastKnownFileType = image.png; path = Satyagraha.png; sourceTree = "<group>"; };
		27353D30149FA21800565383 /* satyagraha@2x.png */ = {isa = PBXFileReference; lastKnownFileType = image.png; path = "satyagraha@2x.png"; sourceTree = "<group>"; };
		27353D31149FA21800565383 /* secularism.png */ = {isa = PBXFileReference; lastKnownFileType = image.png; path = secularism.png; sourceTree = "<group>"; };
		27353D32149FA21800565383 /* secularism@2x.png */ = {isa = PBXFileReference; lastKnownFileType = image.png; path = "secularism@2x.png"; sourceTree = "<group>"; };
		27353D33149FA21800565383 /* socialfreedom.png */ = {isa = PBXFileReference; lastKnownFileType = image.png; path = socialfreedom.png; sourceTree = "<group>"; };
		27353D34149FA21800565383 /* socialfreedom@2x.png */ = {isa = PBXFileReference; lastKnownFileType = image.png; path = "socialfreedom@2x.png"; sourceTree = "<group>"; };
		27353D35149FA21800565383 /* spirituality.png */ = {isa = PBXFileReference; lastKnownFileType = image.png; path = spirituality.png; sourceTree = "<group>"; };
		27353D36149FA21800565383 /* spirituality@2x.png */ = {isa = PBXFileReference; lastKnownFileType = image.png; path = "spirituality@2x.png"; sourceTree = "<group>"; };
		27353D37149FA21800565383 /* swaraj.png */ = {isa = PBXFileReference; lastKnownFileType = image.png; path = swaraj.png; sourceTree = "<group>"; };
		27353D38149FA21800565383 /* swaraj@2x.png */ = {isa = PBXFileReference; lastKnownFileType = image.png; path = "swaraj@2x.png"; sourceTree = "<group>"; };
		27353D39149FA21800565383 /* un.png */ = {isa = PBXFileReference; lastKnownFileType = image.png; path = un.png; sourceTree = "<group>"; };
		27353D3A149FA21800565383 /* un@2x.png */ = {isa = PBXFileReference; lastKnownFileType = image.png; path = "un@2x.png"; sourceTree = "<group>"; };
		27353D3B149FA21800565383 /* velvet.png */ = {isa = PBXFileReference; lastKnownFileType = image.png; path = velvet.png; sourceTree = "<group>"; };
		27353D3C149FA21800565383 /* velvet@2x.png */ = {isa = PBXFileReference; lastKnownFileType = image.png; path = "velvet@2x.png"; sourceTree = "<group>"; };
		27353D3D149FA21800565383 /* walesa@2x.png */ = {isa = PBXFileReference; lastKnownFileType = image.png; path = "walesa@2x.png"; sourceTree = "<group>"; };
		27353D99149FA66200565383 /* Default.png */ = {isa = PBXFileReference; lastKnownFileType = image.png; path = Default.png; sourceTree = "<group>"; };
		27353D9A149FA66200565383 /* Default@2x.png */ = {isa = PBXFileReference; lastKnownFileType = image.png; path = "Default@2x.png"; sourceTree = "<group>"; };
		27353D9B149FA66300565383 /* Default~ipad.png */ = {isa = PBXFileReference; lastKnownFileType = image.png; path = "Default~ipad.png"; sourceTree = "<group>"; };
		2751D471148AEC1C00EC4AD0 /* SearchViewController.h */ = {isa = PBXFileReference; fileEncoding = 4; lastKnownFileType = sourcecode.c.h; path = SearchViewController.h; sourceTree = "<group>"; };
		2751D472148AEC1C00EC4AD0 /* SearchViewController.m */ = {isa = PBXFileReference; fileEncoding = 4; lastKnownFileType = sourcecode.c.objc; path = SearchViewController.m; sourceTree = "<group>"; };
		2751D473148AEC1C00EC4AD0 /* SearchViewController.xib */ = {isa = PBXFileReference; lastKnownFileType = file.xib; name = SearchViewController.xib; path = Classes/SearchViewController.xib; sourceTree = "<group>"; };
		2892E40F0DC94CBA00A64D0F /* CoreGraphics.framework */ = {isa = PBXFileReference; lastKnownFileType = wrapper.framework; name = CoreGraphics.framework; path = System/Library/Frameworks/CoreGraphics.framework; sourceTree = SDKROOT; };
		28A0AAE50D9B0CCF005BE974 /* GandhiApp™_Prefix.pch */ = {isa = PBXFileReference; fileEncoding = 4; lastKnownFileType = sourcecode.c.h; path = "GandhiApp™_Prefix.pch"; sourceTree = "<group>"; };
		28AD735F0D9D9599002E5188 /* MainWindow.xib */ = {isa = PBXFileReference; lastKnownFileType = file.xib; path = MainWindow.xib; sourceTree = "<group>"; };
		28C286DF0D94DF7D0034E888 /* RootViewController.h */ = {isa = PBXFileReference; fileEncoding = 4; lastKnownFileType = sourcecode.c.h; path = RootViewController.h; sourceTree = "<group>"; };
		28C286E00D94DF7D0034E888 /* RootViewController.m */ = {isa = PBXFileReference; fileEncoding = 4; lastKnownFileType = sourcecode.c.objc; path = RootViewController.m; sourceTree = "<group>"; };
		28F335F01007B36200424DE2 /* RootViewController.xib */ = {isa = PBXFileReference; lastKnownFileType = file.xib; path = RootViewController.xib; sourceTree = "<group>"; };
		29B97316FDCFA39411CA2CEA /* main.m */ = {isa = PBXFileReference; fileEncoding = 4; lastKnownFileType = sourcecode.c.objc; path = main.m; sourceTree = "<group>"; };
		8D1107310486CEB800E47090 /* GandhiApp™-Info.plist */ = {isa = PBXFileReference; fileEncoding = 4; lastKnownFileType = text.plist.xml; path = "GandhiApp™-Info.plist"; plistStructureDefinitionIdentifier = "com.apple.xcode.plist.structure-definition.iphone.info-plist"; sourceTree = "<group>"; };
/* End PBXFileReference section */

/* Begin PBXFrameworksBuildPhase section */
		1D60588F0D05DD3D006BFB54 /* Frameworks */ = {
			isa = PBXFrameworksBuildPhase;
			buildActionMask = 2147483647;
			files = (
				1D60589F0D05DD5A006BFB54 /* Foundation.framework in Frameworks */,
				1DF5F4E00D08C38300B7A737 /* UIKit.framework in Frameworks */,
				2892E4100DC94CBA00A64D0F /* CoreGraphics.framework in Frameworks */,
			);
			runOnlyForDeploymentPostprocessing = 0;
		};
/* End PBXFrameworksBuildPhase section */

/* Begin PBXGroup section */
		080E96DDFE201D6D7F000001 /* Classes */ = {
			isa = PBXGroup;
			children = (
				271418A8149BA1910088DD9F /* AhimsaViewController.h */,
				271418A9149BA1910088DD9F /* AhimsaViewController.m */,
				271418EA149BDF740088DD9F /* FoundationsViewController.h */,
				271418EB149BDF740088DD9F /* FoundationsViewController.m */,
				1D3623240D0F684500981E51 /* GandhiAppAppDelegate.h */,
				1D3623250D0F684500981E51 /* GandhiAppAppDelegate.m */,
				271418D4149BC5B50088DD9F /* LeadersViewController.h */,
				271418D5149BC5B50088DD9F /* LeadersViewController.m */,
				271418B7149BBF9A0088DD9F /* LifeViewController.h */,
				271418B8149BBF9A0088DD9F /* LifeViewController.m */,
				271418D9149BC5D10088DD9F /* MovementsViewController.h */,
				271418DA149BC5D10088DD9F /* MovementsViewController.m */,
				271D5D89149C023000DD7E98 /* PhilosophiesViewController.h */,
				271D5D8A149C023000DD7E98 /* PhilosophiesViewController.m */,
				271B5432149F9F2100E268FA /* PopCultureViewController.h */,
				271B5433149F9F2100E268FA /* PopCultureViewController.m */,
				28C286DF0D94DF7D0034E888 /* RootViewController.h */,
				28C286E00D94DF7D0034E888 /* RootViewController.m */,
				271418AD149BBF1D0088DD9F /* SatyagrahaViewController.h */,
				271418AE149BBF1D0088DD9F /* SatyagrahaViewController.m */,
				2751D471148AEC1C00EC4AD0 /* SearchViewController.h */,
				2751D472148AEC1C00EC4AD0 /* SearchViewController.m */,
				271418B2149BBF720088DD9F /* SwarajViewController.h */,
				271418B3149BBF730088DD9F /* SwarajViewController.m */,
			);
			path = Classes;
			sourceTree = "<group>";
		};
		19C28FACFE9D520D11CA2CBB /* Products */ = {
			isa = PBXGroup;
			children = (
				1D6058910D05DD3D006BFB54 /* GandhiApp™.app */,
			);
			name = Products;
			sourceTree = "<group>";
		};
		29B97314FDCFA39411CA2CEA /* CustomTemplate */ = {
			isa = PBXGroup;
			children = (
				080E96DDFE201D6D7F000001 /* Classes */,
				29B97315FDCFA39411CA2CEA /* Other Sources */,
				29B97317FDCFA39411CA2CEA /* Resources */,
				29B97323FDCFA39411CA2CEA /* Frameworks */,
				19C28FACFE9D520D11CA2CBB /* Products */,
			);
			name = CustomTemplate;
			sourceTree = "<group>";
		};
		29B97315FDCFA39411CA2CEA /* Other Sources */ = {
			isa = PBXGroup;
			children = (
				28A0AAE50D9B0CCF005BE974 /* GandhiApp™_Prefix.pch */,
				29B97316FDCFA39411CA2CEA /* main.m */,
			);
			name = "Other Sources";
			sourceTree = "<group>";
		};
		29B97317FDCFA39411CA2CEA /* Resources */ = {
			isa = PBXGroup;
			children = (
				271418AA149BA1910088DD9F /* AhimsaViewController.xib */,
				271418EC149BDF750088DD9F /* FoundationsViewController.xib */,
				271418D6149BC5B50088DD9F /* LeadersViewController.xib */,
				271418B9149BBF9A0088DD9F /* LifeViewController.xib */,
				28AD735F0D9D9599002E5188 /* MainWindow.xib */,
				271418DB149BC5D10088DD9F /* MovementsViewController.xib */,
				271D5D8B149C023000DD7E98 /* PhilosophiesViewController.xib */,
				271B5434149F9F2200E268FA /* PopCultureViewController.xib */,
				28F335F01007B36200424DE2 /* RootViewController.xib */,
				2751D473148AEC1C00EC4AD0 /* SearchViewController.xib */,
				271418AF149BBF1D0088DD9F /* SatyagrahaViewController.xib */,
				271418B4149BBF730088DD9F /* SwarajViewController.xib */,
				27353CE3149FA21800565383 /* ahimsa.png */,
				27353CE4149FA21800565383 /* ahimsa@2x.png */,
				27353CE5149FA21800565383 /* aquino.png */,
				27353CE6149FA21800565383 /* aquino@2x.png */,
				27353CE7149FA21800565383 /* arab.png */,
				27353CE8149FA21800565383 /* arab@2x.png */,
				27353CE9149FA21800565383 /* articles.png */,
				27353CEA149FA21800565383 /* articles@2x.png */,
				27353CEB149FA21800565383 /* biographies.png */,
				27353CEC149FA21800565383 /* biographies@2x.png */,
				27353CED149FA21800565383 /* books.png */,
				27353CEE149FA21800565383 /* books@2x.png */,
				27353CEF149FA21800565383 /* civillaw.png */,
				27353CF0149FA21800565383 /* civillaw@2x.png */,
				27353D99149FA66200565383 /* Default.png */,
				27353D9A149FA66200565383 /* Default@2x.png */,
				27353D9B149FA66300565383 /* Default~ipad.png */,
				27353CF4149FA21800565383 /* democracy.png */,
				27353CF5149FA21800565383 /* democracy@2x.png */,
				27353CF6149FA21800565383 /* digital.png */,
				27353CF7149FA21800565383 /* digital@2x.png */,
				27353CF8149FA21800565383 /* documentaries.png */,
				27353CF9149FA21800565383 /* documentaries@2x.png */,
				27353CFA149FA21800565383 /* economicfreedom.png */,
				27353CFB149FA21800565383 /* economicfreedom@2x.png */,
				27353CFC149FA21800565383 /* foundation.png */,
				27353CFD149FA21800565383 /* foundation@2x.png */,
				27353CFE149FA21800565383 /* gandhi.png */,
				27353CFF149FA21800565383 /* gandhi@2x.png */,
				27353D00149FA21800565383 /* god.png */,
				27353D01149FA21800565383 /* god@2x.png */,
				27353D02149FA21800565383 /* Icon-doc.png */,
				27353D03149FA21800565383 /* Icon-doc@2x.png */,
				27353D04149FA21800565383 /* Icon-doc~ipad.png */,
				27353D05149FA21800565383 /* Icon-doc320~ipad.png */,
				27353D06149FA21800565383 /* Icon-settings.png */,
				27353D07149FA21800565383 /* Icon-settings@2x.png */,
				27353D08149FA21800565383 /* Icon-spot~ipad.png */,
				27353D09149FA21800565383 /* Icon.png */,
				27353D0A149FA21800565383 /* Icon@2x.png */,
				27353D0B149FA21800565383 /* Icon~ipad.png */,
				27353D0C149FA21800565383 /* indiaconstitution.png */,
				27353D0D149FA21800565383 /* indiaconstitution@2x.png */,
				27353D0E149FA21800565383 /* iTunesArtwork.png */,
				27353D0F149FA21800565383 /* leadership.png */,
				27353D10149FA21800565383 /* leadership@2x.png */,
				27353D11149FA21800565383 /* lech.png */,
				27353D12149FA21800565383 /* lech@2x.png */,
				27353D13149FA21800565383 /* life.png */,
				27353D14149FA21800565383 /* life@2x.png */,
				27353D15149FA21800565383 /* mandela.png */,
				27353D16149FA21800565383 /* mandela@2x.png */,
				27353D17149FA21800565383 /* mlk.png */,
				27353D18149FA21800565383 /* mlk@2x.png */,
				27353D19149FA21800565383 /* movement.png */,
				27353D1A149FA21800565383 /* movement@2x.png */,
				27353D1B149FA21800565383 /* movies.png */,
				27353D1C149FA21800565383 /* movies@2x.png */,
				27353D1D149FA21800565383 /* multiculturalism.png */,
				27353D1E149FA21800565383 /* multiculturalism@2x.png */,
				27353D1F149FA21800565383 /* music.png */,
				27353D20149FA21800565383 /* music@2x.png */,
				27353D21149FA21800565383 /* nonviolence.png */,
				27353D22149FA21800565383 /* nonviolence@2x.png */,
				27353D23149FA21800565383 /* occupy.png */,
				27353D24149FA21800565383 /* occupy@2x.png */,
				27353D25149FA21800565383 /* philosophies.png */,
				27353D26149FA21800565383 /* philosophies@2x.png */,
				27353D27149FA21800565383 /* politicalfreedom.png */,
				27353D28149FA21800565383 /* politicalfreedom@2x.png */,
				27353D29149FA21800565383 /* pop.png */,
				27353D2A149FA21800565383 /* pop@2x.png */,
				27353D2B149FA21800565383 /* quit.png */,
				27353D2C149FA21800565383 /* quit@2x.png */,
				27353D2D149FA21800565383 /* religion.png */,
				27353D2E149FA21800565383 /* religion@2x.png */,
				27353D2F149FA21800565383 /* Satyagraha.png */,
				27353D30149FA21800565383 /* satyagraha@2x.png */,
				27353D31149FA21800565383 /* secularism.png */,
				27353D32149FA21800565383 /* secularism@2x.png */,
				27353D33149FA21800565383 /* socialfreedom.png */,
				27353D34149FA21800565383 /* socialfreedom@2x.png */,
				27353D35149FA21800565383 /* spirituality.png */,
				27353D36149FA21800565383 /* spirituality@2x.png */,
				27353D37149FA21800565383 /* swaraj.png */,
				27353D38149FA21800565383 /* swaraj@2x.png */,
				27353D39149FA21800565383 /* un.png */,
				27353D3A149FA21800565383 /* un@2x.png */,
				27353D3B149FA21800565383 /* velvet.png */,
				27353D3C149FA21800565383 /* velvet@2x.png */,
				27353D3D149FA21800565383 /* walesa@2x.png */,
				8D1107310486CEB800E47090 /* GandhiApp™-Info.plist */,
			);
			name = Resources;
			sourceTree = "<group>";
		};
		29B97323FDCFA39411CA2CEA /* Frameworks */ = {
			isa = PBXGroup;
			children = (
				1DF5F4DF0D08C38300B7A737 /* UIKit.framework */,
				1D30AB110D05D00D00671497 /* Foundation.framework */,
				2892E40F0DC94CBA00A64D0F /* CoreGraphics.framework */,
			);
			name = Frameworks;
			sourceTree = "<group>";
		};
/* End PBXGroup section */

/* Begin PBXNativeTarget section */
		1D6058900D05DD3D006BFB54 /* GandhiApp™ */ = {
			isa = PBXNativeTarget;
			buildConfigurationList = 1D6058960D05DD3E006BFB54 /* Build configuration list for PBXNativeTarget "GandhiApp™" */;
			buildPhases = (
				1D60588D0D05DD3D006BFB54 /* Resources */,
				1D60588E0D05DD3D006BFB54 /* Sources */,
				1D60588F0D05DD3D006BFB54 /* Frameworks */,
			);
			buildRules = (
			);
			dependencies = (
			);
			name = "GandhiApp™";
			productName = GandhiApp;
			productReference = 1D6058910D05DD3D006BFB54 /* GandhiApp™.app */;
			productType = "com.apple.product-type.application";
		};
/* End PBXNativeTarget section */

/* Begin PBXProject section */
		29B97313FDCFA39411CA2CEA /* Project object */ = {
			isa = PBXProject;
			buildConfigurationList = C01FCF4E08A954540054247B /* Build configuration list for PBXProject "GandhiApp™" */;
			compatibilityVersion = "Xcode 3.2";
			developmentRegion = English;
			hasScannedForEncodings = 1;
			knownRegions = (
				English,
				Japanese,
				French,
				German,
				en,
			);
			mainGroup = 29B97314FDCFA39411CA2CEA /* CustomTemplate */;
			projectDirPath = "";
			projectRoot = "";
			targets = (
				1D6058900D05DD3D006BFB54 /* GandhiApp™ */,
			);
		};
/* End PBXProject section */

/* Begin PBXResourcesBuildPhase section */
		1D60588D0D05DD3D006BFB54 /* Resources */ = {
			isa = PBXResourcesBuildPhase;
			buildActionMask = 2147483647;
			files = (
				28AD73600D9D9599002E5188 /* MainWindow.xib in Resources */,
				28F335F11007B36200424DE2 /* RootViewController.xib in Resources */,
				2751D475148AEC1C00EC4AD0 /* SearchViewController.xib in Resources */,
				271418AC149BA1910088DD9F /* AhimsaViewController.xib in Resources */,
				271418B1149BBF1D0088DD9F /* SatyagrahaViewController.xib in Resources */,
				271418B6149BBF730088DD9F /* SwarajViewController.xib in Resources */,
				271418BB149BBF9A0088DD9F /* LifeViewController.xib in Resources */,
				271418D8149BC5B50088DD9F /* LeadersViewController.xib in Resources */,
				271418DD149BC5D10088DD9F /* MovementsViewController.xib in Resources */,
				271418EE149BDF750088DD9F /* FoundationsViewController.xib in Resources */,
				271D5D8D149C023000DD7E98 /* PhilosophiesViewController.xib in Resources */,
				271B5436149F9F2200E268FA /* PopCultureViewController.xib in Resources */,
				27353D3E149FA21800565383 /* ahimsa.png in Resources */,
				27353D3F149FA21800565383 /* ahimsa@2x.png in Resources */,
				27353D40149FA21800565383 /* aquino.png in Resources */,
				27353D41149FA21800565383 /* aquino@2x.png in Resources */,
				27353D42149FA21800565383 /* arab.png in Resources */,
				27353D43149FA21800565383 /* arab@2x.png in Resources */,
				27353D44149FA21800565383 /* articles.png in Resources */,
				27353D45149FA21800565383 /* articles@2x.png in Resources */,
				27353D46149FA21800565383 /* biographies.png in Resources */,
				27353D47149FA21800565383 /* biographies@2x.png in Resources */,
				27353D48149FA21800565383 /* books.png in Resources */,
				27353D49149FA21800565383 /* books@2x.png in Resources */,
				27353D4A149FA21800565383 /* civillaw.png in Resources */,
				27353D4B149FA21800565383 /* civillaw@2x.png in Resources */,
				27353D4F149FA21800565383 /* democracy.png in Resources */,
				27353D50149FA21800565383 /* democracy@2x.png in Resources */,
				27353D51149FA21800565383 /* digital.png in Resources */,
				27353D52149FA21800565383 /* digital@2x.png in Resources */,
				27353D53149FA21800565383 /* documentaries.png in Resources */,
				27353D54149FA21800565383 /* documentaries@2x.png in Resources */,
				27353D55149FA21800565383 /* economicfreedom.png in Resources */,
				27353D56149FA21800565383 /* economicfreedom@2x.png in Resources */,
				27353D57149FA21800565383 /* foundation.png in Resources */,
				27353D58149FA21800565383 /* foundation@2x.png in Resources */,
				27353D59149FA21800565383 /* gandhi.png in Resources */,
				27353D5A149FA21800565383 /* gandhi@2x.png in Resources */,
				27353D5B149FA21800565383 /* god.png in Resources */,
				27353D5C149FA21800565383 /* god@2x.png in Resources */,
				27353D5D149FA21800565383 /* Icon-doc.png in Resources */,
				27353D5E149FA21800565383 /* Icon-doc@2x.png in Resources */,
				27353D5F149FA21800565383 /* Icon-doc~ipad.png in Resources */,
				27353D60149FA21800565383 /* Icon-doc320~ipad.png in Resources */,
				27353D61149FA21800565383 /* Icon-settings.png in Resources */,
				27353D62149FA21800565383 /* Icon-settings@2x.png in Resources */,
				27353D63149FA21800565383 /* Icon-spot~ipad.png in Resources */,
				27353D64149FA21800565383 /* Icon.png in Resources */,
				27353D65149FA21800565383 /* Icon@2x.png in Resources */,
				27353D66149FA21800565383 /* Icon~ipad.png in Resources */,
				27353D67149FA21800565383 /* indiaconstitution.png in Resources */,
				27353D68149FA21800565383 /* indiaconstitution@2x.png in Resources */,
				27353D69149FA21800565383 /* iTunesArtwork.png in Resources */,
				27353D6A149FA21800565383 /* leadership.png in Resources */,
				27353D6B149FA21800565383 /* leadership@2x.png in Resources */,
				27353D6C149FA21800565383 /* lech.png in Resources */,
				27353D6D149FA21800565383 /* lech@2x.png in Resources */,
				27353D6E149FA21800565383 /* life.png in Resources */,
				27353D6F149FA21800565383 /* life@2x.png in Resources */,
				27353D70149FA21800565383 /* mandela.png in Resources */,
				27353D71149FA21800565383 /* mandela@2x.png in Resources */,
				27353D72149FA21800565383 /* mlk.png in Resources */,
				27353D73149FA21800565383 /* mlk@2x.png in Resources */,
				27353D74149FA21800565383 /* movement.png in Resources */,
				27353D75149FA21800565383 /* movement@2x.png in Resources */,
				27353D76149FA21800565383 /* movies.png in Resources */,
				27353D77149FA21800565383 /* movies@2x.png in Resources */,
				27353D78149FA21800565383 /* multiculturalism.png in Resources */,
				27353D79149FA21800565383 /* multiculturalism@2x.png in Resources */,
				27353D7A149FA21800565383 /* music.png in Resources */,
				27353D7B149FA21800565383 /* music@2x.png in Resources */,
				27353D7C149FA21800565383 /* nonviolence.png in Resources */,
				27353D7D149FA21800565383 /* nonviolence@2x.png in Resources */,
				27353D7E149FA21800565383 /* occupy.png in Resources */,
				27353D7F149FA21800565383 /* occupy@2x.png in Resources */,
				27353D80149FA21800565383 /* philosophies.png in Resources */,
				27353D81149FA21800565383 /* philosophies@2x.png in Resources */,
				27353D82149FA21800565383 /* politicalfreedom.png in Resources */,
				27353D83149FA21800565383 /* politicalfreedom@2x.png in Resources */,
				27353D84149FA21800565383 /* pop.png in Resources */,
				27353D85149FA21800565383 /* pop@2x.png in Resources */,
				27353D86149FA21800565383 /* quit.png in Resources */,
				27353D87149FA21800565383 /* quit@2x.png in Resources */,
				27353D88149FA21800565383 /* religion.png in Resources */,
				27353D89149FA21800565383 /* religion@2x.png in Resources */,
				27353D8A149FA21800565383 /* Satyagraha.png in Resources */,
				27353D8B149FA21800565383 /* satyagraha@2x.png in Resources */,
				27353D8C149FA21800565383 /* secularism.png in Resources */,
				27353D8D149FA21800565383 /* secularism@2x.png in Resources */,
				27353D8E149FA21800565383 /* socialfreedom.png in Resources */,
				27353D8F149FA21800565383 /* socialfreedom@2x.png in Resources */,
				27353D90149FA21800565383 /* spirituality.png in Resources */,
				27353D91149FA21800565383 /* spirituality@2x.png in Resources */,
				27353D92149FA21800565383 /* swaraj.png in Resources */,
				27353D93149FA21800565383 /* swaraj@2x.png in Resources */,
				27353D94149FA21800565383 /* un.png in Resources */,
				27353D95149FA21800565383 /* un@2x.png in Resources */,
				27353D96149FA21800565383 /* velvet.png in Resources */,
				27353D97149FA21800565383 /* velvet@2x.png in Resources */,
				27353D98149FA21800565383 /* walesa@2x.png in Resources */,
				27353D9C149FA66300565383 /* Default.png in Resources */,
				27353D9D149FA66300565383 /* Default@2x.png in Resources */,
				27353D9E149FA66300565383 /* Default~ipad.png in Resources */,
			);
			runOnlyForDeploymentPostprocessing = 0;
		};
/* End PBXResourcesBuildPhase section */

/* Begin PBXSourcesBuildPhase section */
		1D60588E0D05DD3D006BFB54 /* Sources */ = {
			isa = PBXSourcesBuildPhase;
			buildActionMask = 2147483647;
			files = (
				1D60589B0D05DD56006BFB54 /* main.m in Sources */,
				1D3623260D0F684500981E51 /* GandhiAppAppDelegate.m in Sources */,
				28C286E10D94DF7D0034E888 /* RootViewController.m in Sources */,
				2751D474148AEC1C00EC4AD0 /* SearchViewController.m in Sources */,
				271418AB149BA1910088DD9F /* AhimsaViewController.m in Sources */,
				271418B0149BBF1D0088DD9F /* SatyagrahaViewController.m in Sources */,
				271418B5149BBF730088DD9F /* SwarajViewController.m in Sources */,
				271418BA149BBF9A0088DD9F /* LifeViewController.m in Sources */,
				271418D7149BC5B50088DD9F /* LeadersViewController.m in Sources */,
				271418DC149BC5D10088DD9F /* MovementsViewController.m in Sources */,
				271418ED149BDF750088DD9F /* FoundationsViewController.m in Sources */,
				271D5D8C149C023000DD7E98 /* PhilosophiesViewController.m in Sources */,
				271B5435149F9F2200E268FA /* PopCultureViewController.m in Sources */,
			);
			runOnlyForDeploymentPostprocessing = 0;
		};
/* End PBXSourcesBuildPhase section */

/* Begin XCBuildConfiguration section */
		1D6058940D05DD3E006BFB54 /* Debug */ = {
			isa = XCBuildConfiguration;
			buildSettings = {
				ALWAYS_SEARCH_USER_PATHS = NO;
				COPY_PHASE_STRIP = NO;
				GCC_DYNAMIC_NO_PIC = NO;
				GCC_OPTIMIZATION_LEVEL = 0;
				GCC_PRECOMPILE_PREFIX_HEADER = YES;
				GCC_PREFIX_HEADER = "GandhiApp™_Prefix.pch";
				INFOPLIST_FILE = "GandhiApp™-Info.plist";
				PRODUCT_NAME = "GandhiApp™";
			};
			name = Debug;
		};
		1D6058950D05DD3E006BFB54 /* Release */ = {
			isa = XCBuildConfiguration;
			buildSettings = {
				ALWAYS_SEARCH_USER_PATHS = NO;
				COPY_PHASE_STRIP = YES;
				GCC_PRECOMPILE_PREFIX_HEADER = YES;
				GCC_PREFIX_HEADER = "GandhiApp™_Prefix.pch";
				INFOPLIST_FILE = "GandhiApp™-Info.plist";
				PRODUCT_NAME = "GandhiApp™";
				VALIDATE_PRODUCT = YES;
			};
			name = Release;
		};
		C01FCF4F08A954540054247B /* Debug */ = {
			isa = XCBuildConfiguration;
			buildSettings = {
				ARCHS = "$(ARCHS_STANDARD_32_BIT)";
				"CODE_SIGN_IDENTITY[sdk=iphoneos*]" = "iPhone Developer";
				GCC_C_LANGUAGE_STANDARD = c99;
				GCC_WARN_ABOUT_RETURN_TYPE = YES;
				GCC_WARN_UNUSED_VARIABLE = YES;
				PREBINDING = NO;
				SDKROOT = iphoneos;
			};
			name = Debug;
		};
		C01FCF5008A954540054247B /* Release */ = {
			isa = XCBuildConfiguration;
			buildSettings = {
				ARCHS = "$(ARCHS_STANDARD_32_BIT)";
				"CODE_SIGN_IDENTITY[sdk=iphoneos*]" = "iPhone Developer";
				GCC_C_LANGUAGE_STANDARD = c99;
				GCC_WARN_ABOUT_RETURN_TYPE = YES;
				GCC_WARN_UNUSED_VARIABLE = YES;
				OTHER_CFLAGS = "-DNS_BLOCK_ASSERTIONS=1";
				PREBINDING = NO;
				SDKROOT = iphoneos;
			};
			name = Release;
		};
/* End XCBuildConfiguration section */

/* Begin XCConfigurationList section */
		1D6058960D05DD3E006BFB54 /* Build configuration list for PBXNativeTarget "GandhiApp™" */ = {
			isa = XCConfigurationList;
			buildConfigurations = (
				1D6058940D05DD3E006BFB54 /* Debug */,
				1D6058950D05DD3E006BFB54 /* Release */,
			);
			defaultConfigurationIsVisible = 0;
			defaultConfigurationName = Release;
		};
		C01FCF4E08A954540054247B /* Build configuration list for PBXProject "GandhiApp™" */ = {
			isa = XCConfigurationList;
			buildConfigurations = (
				C01FCF4F08A954540054247B /* Debug */,
				C01FCF5008A954540054247B /* Release */,
			);
			defaultConfigurationIsVisible = 0;
			defaultConfigurationName = Release;
		};
/* End XCConfigurationList section */
	};
	rootObject = 29B97313FDCFA39411CA2CEA /* Project object */;
}
